
Microsoft Visual Studio Solution File, Format Version 12.00
# Visual Studio Version 16
VisualStudioVersion = 16.0.30204.135
MinimumVisualStudioVersion = 10.0.40219.1
Project("{FAE04EC0-301F-11D3-BF4B-00C04F79EFBC}") = "Samurai.Domain", "Samurai.Domain\Samurai.Domain.csproj", "{6865AC99-9498-4D55-B143-E2724747B6F3}"
EndProject
Project("{FAE04EC0-301F-11D3-BF4B-00C04F79EFBC}") = "Samurai.Data", "Samurai.Data\Samurai.Data.csproj", "{34D2FC9D-3CD9-4154-AE13-575AEA5CCA93}"
EndProject
Project("{FAE04EC0-301F-11D3-BF4B-00C04F79EFBC}") = "ConsoleApp", "ConsoleApp\ConsoleApp.csproj", "{EF22E6AE-ACB7-403F-B93F-6964994A5D89}"
EndProject
Project("{FAE04EC0-301F-11D3-BF4B-00C04F79EFBC}") = "SamuraiAPI", "SamuraiAPI\SamuraiAPI.csproj", "{E9EBA06C-10B0-4820-9662-3966EABFA0B4}"
EndProject
Project("{FAE04EC0-301F-11D3-BF4B-00C04F79EFBC}") = "Samuari.Tests", "Samuari.Tests\Samuari.Tests.csproj", "{ACF4DA64-6DFC-462A-9655-4D02CE4948BF}"
EndProject
Global
	GlobalSection(SolutionConfigurationPlatforms) = preSolution
		Debug|Any CPU = Debug|Any CPU
		Release|Any CPU = Release|Any CPU
	EndGlobalSection
	GlobalSection(ProjectConfigurationPlatforms) = postSolution
		{6865AC99-9498-4D55-B143-E2724747B6F3}.Debug|Any CPU.ActiveCfg = Debug|Any CPU
		{6865AC99-9498-4D55-B143-E2724747B6F3}.Debug|Any CPU.Build.0 = Debug|Any CPU
		{6865AC99-9498-4D55-B143-E2724747B6F3}.Release|Any CPU.ActiveCfg = Release|Any CPU
		{6865AC99-9498-4D55-B143-E2724747B6F3}.Release|Any CPU.Build.0 = Release|Any CPU
		{34D2FC9D-3CD9-4154-AE13-575AEA5CCA93}.Debug|Any CPU.ActiveCfg = Debug|Any CPU
		{34D2FC9D-3CD9-4154-AE13-575AEA5CCA93}.Debug|Any CPU.Build.0 = Debug|Any CPU
		{34D2FC9D-3CD9-4154-AE13-575AEA5CCA93}.Release|Any CPU.ActiveCfg = Release|Any CPU
		{34D2FC9D-3CD9-4154-AE13-575AEA5CCA93}.Release|Any CPU.Build.0 = Release|Any CPU
		{EF22E6AE-ACB7-403F-B93F-6964994A5D89}.Debug|Any CPU.ActiveCfg = Debug|Any CPU
		{EF22E6AE-ACB7-403F-B93F-6964994A5D89}.Debug|Any CPU.Build.0 = Debug|Any CPU
		{EF22E6AE-ACB7-403F-B93F-6964994A5D89}.Release|Any CPU.ActiveCfg = Release|Any CPU
		{EF22E6AE-ACB7-403F-B93F-6964994A5D89}.Release|Any CPU.Build.0 = Release|Any CPU
		{E9EBA06C-10B0-4820-9662-3966EABFA0B4}.Debug|Any CPU.ActiveCfg = Debug|Any CPU
		{E9EBA06C-10B0-4820-9662-3966EABFA0B4}.Debug|Any CPU.Build.0 = Debug|Any CPU
		{E9EBA06C-10B0-4820-9662-3966EABFA0B4}.Release|Any CPU.ActiveCfg = Release|Any CPU
		{E9EBA06C-10B0-4820-9662-3966EABFA0B4}.Release|Any CPU.Build.0 = Release|Any CPU
		{ACF4DA64-6DFC-462A-9655-4D02CE4948BF}.Debug|Any CPU.ActiveCfg = Debug|Any CPU
		{ACF4DA64-6DFC-462A-9655-4D02CE4948BF}.Debug|Any CPU.Build.0 = Debug|Any CPU
		{ACF4DA64-6DFC-462A-9655-4D02CE4948BF}.Release|Any CPU.ActiveCfg = Release|Any CPU
		{ACF4DA64-6DFC-462A-9655-4D02CE4948BF}.Release|Any CPU.Build.0 = Release|Any CPU
	EndGlobalSection
	GlobalSection(SolutionProperties) = preSolution
		HideSolutionNode = FALSE
	EndGlobalSection
	GlobalSection(ExtensibilityGlobals) = postSolution
		SolutionGuid = {39DBEE60-E040-47FC-A9DE-15ABC4B7467D}
	EndGlobalSection
EndGlobal
